
Microsoft Visual Studio Solution File, Format Version 12.00
# Visual Studio 15
VisualStudioVersion = 15.0.28307.902
MinimumVisualStudioVersion = 10.0.40219.1
Project("{FAE04EC0-301F-11D3-BF4B-00C04F79EFBC}") = "SkiProductsWebApp", "SkiProductsWebApp\SkiProductsWebApp.csproj", "{E3CBA877-8F06-472B-92F1-773761E2BF43}"
EndProject
Global
	GlobalSection(SolutionConfigurationPlatforms) = preSolution
		Debug|Any CPU = Debug|Any CPU
		Release|Any CPU = Release|Any CPU
	EndGlobalSection
	GlobalSection(ProjectConfigurationPlatforms) = postSolution
		{E3CBA877-8F06-472B-92F1-773761E2BF43}.Debug|Any CPU.ActiveCfg = Debug|Any CPU
		{E3CBA877-8F06-472B-92F1-773761E2BF43}.Debug|Any CPU.Build.0 = Debug|Any CPU
		{E3CBA877-8F06-472B-92F1-773761E2BF43}.Release|Any CPU.ActiveCfg = Release|Any CPU
		{E3CBA877-8F06-472B-92F1-773761E2BF43}.Release|Any CPU.Build.0 = Release|Any CPU
	EndGlobalSection
	GlobalSection(SolutionProperties) = preSolution
		HideSolutionNode = FALSE
	EndGlobalSection
	GlobalSection(ExtensibilityGlobals) = postSolution
		SolutionGuid = {A60BD9BD-BCD0-4779-B3E5-A26198440F5B}
	EndGlobalSection
EndGlobal
